
Microsoft Visual Studio Solution File, Format Version 12.00
# Visual Studio Version 16
VisualStudioVersion = 16.0.30621.155
MinimumVisualStudioVersion = 10.0.40219.1
Project("{FAE04EC0-301F-11D3-BF4B-00C04F79EFBC}") = "Stack", "Stack\Stack.csproj", "{9C90BCD3-7C6B-40F6-9A78-C7E0ED872110}"
EndProject
Global
	GlobalSection(SolutionConfigurationPlatforms) = preSolution
		Debug|Any CPU = Debug|Any CPU
		Release|Any CPU = Release|Any CPU
	EndGlobalSection
	GlobalSection(ProjectConfigurationPlatforms) = postSolution
		{9C90BCD3-7C6B-40F6-9A78-C7E0ED872110}.Debug|Any CPU.ActiveCfg = Debug|Any CPU
		{9C90BCD3-7C6B-40F6-9A78-C7E0ED872110}.Debug|Any CPU.Build.0 = Debug|Any CPU
		{9C90BCD3-7C6B-40F6-9A78-C7E0ED872110}.Release|Any CPU.ActiveCfg = Release|Any CPU
		{9C90BCD3-7C6B-40F6-9A78-C7E0ED872110}.Release|Any CPU.Build.0 = Release|Any CPU
	EndGlobalSection
	GlobalSection(SolutionProperties) = preSolution
		HideSolutionNode = FALSE
	EndGlobalSection
	GlobalSection(ExtensibilityGlobals) = postSolution
		SolutionGuid = {858C6E2C-6407-43DE-9CE8-F25C501AE128}
	EndGlobalSection
EndGlobal
