
Microsoft Visual Studio Solution File, Format Version 12.00
# Visual Studio Version 16
VisualStudioVersion = 16.0.30621.155
MinimumVisualStudioVersion = 10.0.40219.1
Project("{FAE04EC0-301F-11D3-BF4B-00C04F79EFBC}") = "BinarySearchTree", "BinarySearchTree\BinarySearchTree.csproj", "{6BF5E60B-9912-45D2-8BBF-B450CC88D93C}"
EndProject
Global
	GlobalSection(SolutionConfigurationPlatforms) = preSolution
		Debug|Any CPU = Debug|Any CPU
		Release|Any CPU = Release|Any CPU
	EndGlobalSection
	GlobalSection(ProjectConfigurationPlatforms) = postSolution
		{6BF5E60B-9912-45D2-8BBF-B450CC88D93C}.Debug|Any CPU.ActiveCfg = Debug|Any CPU
		{6BF5E60B-9912-45D2-8BBF-B450CC88D93C}.Debug|Any CPU.Build.0 = Debug|Any CPU
		{6BF5E60B-9912-45D2-8BBF-B450CC88D93C}.Release|Any CPU.ActiveCfg = Release|Any CPU
		{6BF5E60B-9912-45D2-8BBF-B450CC88D93C}.Release|Any CPU.Build.0 = Release|Any CPU
	EndGlobalSection
	GlobalSection(SolutionProperties) = preSolution
		HideSolutionNode = FALSE
	EndGlobalSection
	GlobalSection(ExtensibilityGlobals) = postSolution
		SolutionGuid = {9DDEFDF3-F86A-4EC2-B8FD-65DA4BB2C167}
	EndGlobalSection
EndGlobal
